
Microsoft Visual Studio Solution File, Format Version 12.00
# Visual Studio 15
VisualStudioVersion = 15.0.28010.0
MinimumVisualStudioVersion = 10.0.40219.1
Project("{FAE04EC0-301F-11D3-BF4B-00C04F79EFBC}") = "Minesweeper", "Minesweeper\Minesweeper\Minesweeper.csproj", "{8E28D0AB-17B7-418D-9994-88715C150EA8}"
EndProject
Project("{FAE04EC0-301F-11D3-BF4B-00C04F79EFBC}") = "Minesweeper.Tizen.Mobile", "Minesweeper\Minesweeper.Tizen.Mobile\Minesweeper.Tizen.Mobile.csproj", "{F7F59486-5DCC-42C5-A871-77C70FE49AA0}"
EndProject
Global
	GlobalSection(SolutionConfigurationPlatforms) = preSolution
		Debug|Any CPU = Debug|Any CPU
		Release|Any CPU = Release|Any CPU
	EndGlobalSection
	GlobalSection(ProjectConfigurationPlatforms) = postSolution
		{8E28D0AB-17B7-418D-9994-88715C150EA8}.Debug|Any CPU.ActiveCfg = Debug|Any CPU
		{8E28D0AB-17B7-418D-9994-88715C150EA8}.Debug|Any CPU.Build.0 = Debug|Any CPU
		{8E28D0AB-17B7-418D-9994-88715C150EA8}.Release|Any CPU.ActiveCfg = Release|Any CPU
		{8E28D0AB-17B7-418D-9994-88715C150EA8}.Release|Any CPU.Build.0 = Release|Any CPU
		{F7F59486-5DCC-42C5-A871-77C70FE49AA0}.Debug|Any CPU.ActiveCfg = Debug|Any CPU
		{F7F59486-5DCC-42C5-A871-77C70FE49AA0}.Debug|Any CPU.Build.0 = Debug|Any CPU
		{F7F59486-5DCC-42C5-A871-77C70FE49AA0}.Release|Any CPU.ActiveCfg = Release|Any CPU
		{F7F59486-5DCC-42C5-A871-77C70FE49AA0}.Release|Any CPU.Build.0 = Release|Any CPU
	EndGlobalSection
	GlobalSection(SolutionProperties) = preSolution
		HideSolutionNode = FALSE
	EndGlobalSection
	GlobalSection(ExtensibilityGlobals) = postSolution
		SolutionGuid = {C6348FC1-6ABB-4D55-AE4F-CC6D63BB62E2}
	EndGlobalSection
EndGlobal
