
Microsoft Visual Studio Solution File, Format Version 12.00
# Visual Studio 15
VisualStudioVersion = 15.0.28010.2019
MinimumVisualStudioVersion = 10.0.40219.1
Project("{FAE04EC0-301F-11D3-BF4B-00C04F79EFBC}") = "Find_maze", "Find_maze\Find_maze.csproj", "{0E509A85-8C83-4BEF-9F17-734010BB284C}"
EndProject
Global
	GlobalSection(SolutionConfigurationPlatforms) = preSolution
		Debug|Any CPU = Debug|Any CPU
		Release|Any CPU = Release|Any CPU
	EndGlobalSection
	GlobalSection(ProjectConfigurationPlatforms) = postSolution
		{0E509A85-8C83-4BEF-9F17-734010BB284C}.Debug|Any CPU.ActiveCfg = Debug|Any CPU
		{0E509A85-8C83-4BEF-9F17-734010BB284C}.Debug|Any CPU.Build.0 = Debug|Any CPU
		{0E509A85-8C83-4BEF-9F17-734010BB284C}.Release|Any CPU.ActiveCfg = Release|Any CPU
		{0E509A85-8C83-4BEF-9F17-734010BB284C}.Release|Any CPU.Build.0 = Release|Any CPU
	EndGlobalSection
	GlobalSection(SolutionProperties) = preSolution
		HideSolutionNode = FALSE
	EndGlobalSection
	GlobalSection(ExtensibilityGlobals) = postSolution
		SolutionGuid = {300B3D00-3EDC-49CB-8404-0334E1CC006F}
	EndGlobalSection
EndGlobal
